// !$*UTF8*$!
{
	archiveVersion = 1;
	classes = {
	};
	objectVersion = 51;
	objects = {

/* Begin PBXBuildFile section */
		4341EF400578B1E4E960A98A /* Pods_tip_tipUITests.framework in Frameworks */ = {isa = PBXBuildFile; fileRef = 4A7ABA0AAAD6C3BA66ED7E07 /* Pods_tip_tipUITests.framework */; };
		6547665D4E32543CA56B359E /* Pods_tipTests.framework in Frameworks */ = {isa = PBXBuildFile; fileRef = 7B0F50F261DD79BED04815C1 /* Pods_tipTests.framework */; };
		A61705900126AA8508F7D30C /* Pods_tip.framework in Frameworks */ = {isa = PBXBuildFile; fileRef = 7ABB7970506D9173829D50AA /* Pods_tip.framework */; };
		CF69E02624FBDFA900C33DD9 /* SettingsViewController.swift in Sources */ = {isa = PBXBuildFile; fileRef = CF69E02524FBDFA900C33DD9 /* SettingsViewController.swift */; };
		CF6D016624FC1E5400CE8A6F /* money.json in Resources */ = {isa = PBXBuildFile; fileRef = CF6D016524FC1E5400CE8A6F /* money.json */; };
		CFD33E4124BDC59D007B7DB5 /* AppDelegate.swift in Sources */ = {isa = PBXBuildFile; fileRef = CFD33E4024BDC59D007B7DB5 /* AppDelegate.swift */; };
		CFD33E4324BDC59D007B7DB5 /* SceneDelegate.swift in Sources */ = {isa = PBXBuildFile; fileRef = CFD33E4224BDC59D007B7DB5 /* SceneDelegate.swift */; };
		CFD33E4524BDC59D007B7DB5 /* ViewController.swift in Sources */ = {isa = PBXBuildFile; fileRef = CFD33E4424BDC59D007B7DB5 /* ViewController.swift */; };
		CFD33E4824BDC59D007B7DB5 /* Main.storyboard in Resources */ = {isa = PBXBuildFile; fileRef = CFD33E4624BDC59D007B7DB5 /* Main.storyboard */; };
		CFD33E4A24BDC59E007B7DB5 /* Assets.xcassets in Resources */ = {isa = PBXBuildFile; fileRef = CFD33E4924BDC59E007B7DB5 /* Assets.xcassets */; };
		CFD33E4D24BDC59E007B7DB5 /* LaunchScreen.storyboard in Resources */ = {isa = PBXBuildFile; fileRef = CFD33E4B24BDC59E007B7DB5 /* LaunchScreen.storyboard */; };
		CFD33E5824BDC59F007B7DB5 /* tipTests.swift in Sources */ = {isa = PBXBuildFile; fileRef = CFD33E5724BDC59F007B7DB5 /* tipTests.swift */; };
		CFD33E6324BDC59F007B7DB5 /* tipUITests.swift in Sources */ = {isa = PBXBuildFile; fileRef = CFD33E6224BDC59F007B7DB5 /* tipUITests.swift */; };
/* End PBXBuildFile section */

/* Begin PBXContainerItemProxy section */
		CFD33E5424BDC59F007B7DB5 /* PBXContainerItemProxy */ = {
			isa = PBXContainerItemProxy;
			containerPortal = CFD33E3524BDC59D007B7DB5 /* Project object */;
			proxyType = 1;
			remoteGlobalIDString = CFD33E3C24BDC59D007B7DB5;
			remoteInfo = tip;
		};
		CFD33E5F24BDC59F007B7DB5 /* PBXContainerItemProxy */ = {
			isa = PBXContainerItemProxy;
			containerPortal = CFD33E3524BDC59D007B7DB5 /* Project object */;
			proxyType = 1;
			remoteGlobalIDString = CFD33E3C24BDC59D007B7DB5;
			remoteInfo = tip;
		};
/* End PBXContainerItemProxy section */

/* Begin PBXFileReference section */
		0709D2CFE08C15AD48A3F35D /* Pods-tipTests.debug.xcconfig */ = {isa = PBXFileReference; includeInIndex = 1; lastKnownFileType = text.xcconfig; name = "Pods-tipTests.debug.xcconfig"; path = "Target Support Files/Pods-tipTests/Pods-tipTests.debug.xcconfig"; sourceTree = "<group>"; };
		35C5539CE10AE890DCC9B666 /* Pods-tip.debug.xcconfig */ = {isa = PBXFileReference; includeInIndex = 1; lastKnownFileType = text.xcconfig; name = "Pods-tip.debug.xcconfig"; path = "Target Support Files/Pods-tip/Pods-tip.debug.xcconfig"; sourceTree = "<group>"; };
		4A7ABA0AAAD6C3BA66ED7E07 /* Pods_tip_tipUITests.framework */ = {isa = PBXFileReference; explicitFileType = wrapper.framework; includeInIndex = 0; path = Pods_tip_tipUITests.framework; sourceTree = BUILT_PRODUCTS_DIR; };
		7ABB7970506D9173829D50AA /* Pods_tip.framework */ = {isa = PBXFileReference; explicitFileType = wrapper.framework; includeInIndex = 0; path = Pods_tip.framework; sourceTree = BUILT_PRODUCTS_DIR; };
		7B0F50F261DD79BED04815C1 /* Pods_tipTests.framework */ = {isa = PBXFileReference; explicitFileType = wrapper.framework; includeInIndex = 0; path = Pods_tipTests.framework; sourceTree = BUILT_PRODUCTS_DIR; };
		88774B638B68256340CE9573 /* Pods-tip-tipUITests.release.xcconfig */ = {isa = PBXFileReference; includeInIndex = 1; lastKnownFileType = text.xcconfig; name = "Pods-tip-tipUITests.release.xcconfig"; path = "Target Support Files/Pods-tip-tipUITests/Pods-tip-tipUITests.release.xcconfig"; sourceTree = "<group>"; };
		B2F4035413E70FBC2535BA2B /* Pods-tipTests.release.xcconfig */ = {isa = PBXFileReference; includeInIndex = 1; lastKnownFileType = text.xcconfig; name = "Pods-tipTests.release.xcconfig"; path = "Target Support Files/Pods-tipTests/Pods-tipTests.release.xcconfig"; sourceTree = "<group>"; };
		CF69E02524FBDFA900C33DD9 /* SettingsViewController.swift */ = {isa = PBXFileReference; lastKnownFileType = sourcecode.swift; path = SettingsViewController.swift; sourceTree = "<group>"; };
		CF6D016524FC1E5400CE8A6F /* money.json */ = {isa = PBXFileReference; fileEncoding = 4; lastKnownFileType = text.json; path = money.json; sourceTree = "<group>"; };
		CFD33E3D24BDC59D007B7DB5 /* tip.app */ = {isa = PBXFileReference; explicitFileType = wrapper.application; includeInIndex = 0; path = tip.app; sourceTree = BUILT_PRODUCTS_DIR; };
		CFD33E4024BDC59D007B7DB5 /* AppDelegate.swift */ = {isa = PBXFileReference; lastKnownFileType = sourcecode.swift; path = AppDelegate.swift; sourceTree = "<group>"; };
		CFD33E4224BDC59D007B7DB5 /* SceneDelegate.swift */ = {isa = PBXFileReference; lastKnownFileType = sourcecode.swift; path = SceneDelegate.swift; sourceTree = "<group>"; };
		CFD33E4424BDC59D007B7DB5 /* ViewController.swift */ = {isa = PBXFileReference; lastKnownFileType = sourcecode.swift; path = ViewController.swift; sourceTree = "<group>"; };
		CFD33E4724BDC59D007B7DB5 /* Base */ = {isa = PBXFileReference; lastKnownFileType = file.storyboard; name = Base; path = Base.lproj/Main.storyboard; sourceTree = "<group>"; };
		CFD33E4924BDC59E007B7DB5 /* Assets.xcassets */ = {isa = PBXFileReference; lastKnownFileType = folder.assetcatalog; path = Assets.xcassets; sourceTree = "<group>"; };
		CFD33E4C24BDC59E007B7DB5 /* Base */ = {isa = PBXFileReference; lastKnownFileType = file.storyboard; name = Base; path = Base.lproj/LaunchScreen.storyboard; sourceTree = "<group>"; };
		CFD33E4E24BDC59E007B7DB5 /* Info.plist */ = {isa = PBXFileReference; lastKnownFileType = text.plist.xml; path = Info.plist; sourceTree = "<group>"; };
		CFD33E5324BDC59F007B7DB5 /* tipTests.xctest */ = {isa = PBXFileReference; explicitFileType = wrapper.cfbundle; includeInIndex = 0; path = tipTests.xctest; sourceTree = BUILT_PRODUCTS_DIR; };
		CFD33E5724BDC59F007B7DB5 /* tipTests.swift */ = {isa = PBXFileReference; lastKnownFileType = sourcecode.swift; path = tipTests.swift; sourceTree = "<group>"; };
		CFD33E5924BDC59F007B7DB5 /* Info.plist */ = {isa = PBXFileReference; lastKnownFileType = text.plist.xml; path = Info.plist; sourceTree = "<group>"; };
		CFD33E5E24BDC59F007B7DB5 /* tipUITests.xctest */ = {isa = PBXFileReference; explicitFileType = wrapper.cfbundle; includeInIndex = 0; path = tipUITests.xctest; sourceTree = BUILT_PRODUCTS_DIR; };
		CFD33E6224BDC59F007B7DB5 /* tipUITests.swift */ = {isa = PBXFileReference; lastKnownFileType = sourcecode.swift; path = tipUITests.swift; sourceTree = "<group>"; };
		CFD33E6424BDC59F007B7DB5 /* Info.plist */ = {isa = PBXFileReference; lastKnownFileType = text.plist.xml; path = Info.plist; sourceTree = "<group>"; };
		D74BD2A6ED8174210A800BD9 /* Pods-tip-tipUITests.debug.xcconfig */ = {isa = PBXFileReference; includeInIndex = 1; lastKnownFileType = text.xcconfig; name = "Pods-tip-tipUITests.debug.xcconfig"; path = "Target Support Files/Pods-tip-tipUITests/Pods-tip-tipUITests.debug.xcconfig"; sourceTree = "<group>"; };
		EFCABE0B011325B260A32B08 /* Pods-tip.release.xcconfig */ = {isa = PBXFileReference; includeInIndex = 1; lastKnownFileType = text.xcconfig; name = "Pods-tip.release.xcconfig"; path = "Target Support Files/Pods-tip/Pods-tip.release.xcconfig"; sourceTree = "<group>"; };
/* End PBXFileReference section */

/* Begin PBXFrameworksBuildPhase section */
		CFD33E3A24BDC59D007B7DB5 /* Frameworks */ = {
			isa = PBXFrameworksBuildPhase;
			buildActionMask = 2147483647;
			files = (
				A61705900126AA8508F7D30C /* Pods_tip.framework in Frameworks */,
			);
			runOnlyForDeploymentPostprocessing = 0;
		};
		CFD33E5024BDC59F007B7DB5 /* Frameworks */ = {
			isa = PBXFrameworksBuildPhase;
			buildActionMask = 2147483647;
			files = (
				6547665D4E32543CA56B359E /* Pods_tipTests.framework in Frameworks */,
			);
			runOnlyForDeploymentPostprocessing = 0;
		};
		CFD33E5B24BDC59F007B7DB5 /* Frameworks */ = {
			isa = PBXFrameworksBuildPhase;
			buildActionMask = 2147483647;
			files = (
				4341EF400578B1E4E960A98A /* Pods_tip_tipUITests.framework in Frameworks */,
			);
			runOnlyForDeploymentPostprocessing = 0;
		};
/* End PBXFrameworksBuildPhase section */

/* Begin PBXGroup section */
		88FF624D3DC8690219DEB4B0 /* Frameworks */ = {
			isa = PBXGroup;
			children = (
				7ABB7970506D9173829D50AA /* Pods_tip.framework */,
				4A7ABA0AAAD6C3BA66ED7E07 /* Pods_tip_tipUITests.framework */,
				7B0F50F261DD79BED04815C1 /* Pods_tipTests.framework */,
			);
			name = Frameworks;
			sourceTree = "<group>";
		};
		A52A4E5A4C0ADD2F8407BB2B /* Pods */ = {
			isa = PBXGroup;
			children = (
				35C5539CE10AE890DCC9B666 /* Pods-tip.debug.xcconfig */,
				EFCABE0B011325B260A32B08 /* Pods-tip.release.xcconfig */,
				D74BD2A6ED8174210A800BD9 /* Pods-tip-tipUITests.debug.xcconfig */,
				88774B638B68256340CE9573 /* Pods-tip-tipUITests.release.xcconfig */,
				0709D2CFE08C15AD48A3F35D /* Pods-tipTests.debug.xcconfig */,
				B2F4035413E70FBC2535BA2B /* Pods-tipTests.release.xcconfig */,
			);
			path = Pods;
			sourceTree = "<group>";
		};
		CFD33E3424BDC59D007B7DB5 = {
			isa = PBXGroup;
			children = (
				CFD33E3F24BDC59D007B7DB5 /* tip */,
				CFD33E5624BDC59F007B7DB5 /* tipTests */,
				CFD33E6124BDC59F007B7DB5 /* tipUITests */,
				CFD33E3E24BDC59D007B7DB5 /* Products */,
				A52A4E5A4C0ADD2F8407BB2B /* Pods */,
				88FF624D3DC8690219DEB4B0 /* Frameworks */,
			);
			sourceTree = "<group>";
		};
		CFD33E3E24BDC59D007B7DB5 /* Products */ = {
			isa = PBXGroup;
			children = (
				CFD33E3D24BDC59D007B7DB5 /* tip.app */,
				CFD33E5324BDC59F007B7DB5 /* tipTests.xctest */,
				CFD33E5E24BDC59F007B7DB5 /* tipUITests.xctest */,
			);
			name = Products;
			sourceTree = "<group>";
		};
		CFD33E3F24BDC59D007B7DB5 /* tip */ = {
			isa = PBXGroup;
			children = (
				CF6D016524FC1E5400CE8A6F /* money.json */,
				CFD33E4024BDC59D007B7DB5 /* AppDelegate.swift */,
				CFD33E4224BDC59D007B7DB5 /* SceneDelegate.swift */,
				CFD33E4424BDC59D007B7DB5 /* ViewController.swift */,
				CFD33E4624BDC59D007B7DB5 /* Main.storyboard */,
				CF69E02524FBDFA900C33DD9 /* SettingsViewController.swift */,
				CFD33E4924BDC59E007B7DB5 /* Assets.xcassets */,
				CFD33E4B24BDC59E007B7DB5 /* LaunchScreen.storyboard */,
				CFD33E4E24BDC59E007B7DB5 /* Info.plist */,
			);
			path = tip;
			sourceTree = "<group>";
		};
		CFD33E5624BDC59F007B7DB5 /* tipTests */ = {
			isa = PBXGroup;
			children = (
				CFD33E5724BDC59F007B7DB5 /* tipTests.swift */,
				CFD33E5924BDC59F007B7DB5 /* Info.plist */,
			);
			path = tipTests;
			sourceTree = "<group>";
		};
		CFD33E6124BDC59F007B7DB5 /* tipUITests */ = {
			isa = PBXGroup;
			children = (
				CFD33E6224BDC59F007B7DB5 /* tipUITests.swift */,
				CFD33E6424BDC59F007B7DB5 /* Info.plist */,
			);
			path = tipUITests;
			sourceTree = "<group>";
		};
/* End PBXGroup section */

/* Begin PBXNativeTarget section */
		CFD33E3C24BDC59D007B7DB5 /* tip */ = {
			isa = PBXNativeTarget;
			buildConfigurationList = CFD33E6724BDC59F007B7DB5 /* Build configuration list for PBXNativeTarget "tip" */;
			buildPhases = (
				4AC1834BAF17239B9716D618 /* [CP] Check Pods Manifest.lock */,
				CFD33E3924BDC59D007B7DB5 /* Sources */,
				CFD33E3A24BDC59D007B7DB5 /* Frameworks */,
				CFD33E3B24BDC59D007B7DB5 /* Resources */,
				EF4381A2AE80B32A871B0923 /* [CP] Embed Pods Frameworks */,
			);
			buildRules = (
			);
			dependencies = (
			);
			name = tip;
			productName = tip;
			productReference = CFD33E3D24BDC59D007B7DB5 /* tip.app */;
			productType = "com.apple.product-type.application";
		};
		CFD33E5224BDC59F007B7DB5 /* tipTests */ = {
			isa = PBXNativeTarget;
			buildConfigurationList = CFD33E6A24BDC59F007B7DB5 /* Build configuration list for PBXNativeTarget "tipTests" */;
			buildPhases = (
				9C283DAFE9E2552A05E60491 /* [CP] Check Pods Manifest.lock */,
				CFD33E4F24BDC59F007B7DB5 /* Sources */,
				CFD33E5024BDC59F007B7DB5 /* Frameworks */,
				CFD33E5124BDC59F007B7DB5 /* Resources */,
			);
			buildRules = (
			);
			dependencies = (
				CFD33E5524BDC59F007B7DB5 /* PBXTargetDependency */,
			);
			name = tipTests;
			productName = tipTests;
			productReference = CFD33E5324BDC59F007B7DB5 /* tipTests.xctest */;
			productType = "com.apple.product-type.bundle.unit-test";
		};
		CFD33E5D24BDC59F007B7DB5 /* tipUITests */ = {
			isa = PBXNativeTarget;
			buildConfigurationList = CFD33E6D24BDC59F007B7DB5 /* Build configuration list for PBXNativeTarget "tipUITests" */;
			buildPhases = (
				4CDDAEA2EEB443D72152F46F /* [CP] Check Pods Manifest.lock */,
				CFD33E5A24BDC59F007B7DB5 /* Sources */,
				CFD33E5B24BDC59F007B7DB5 /* Frameworks */,
				CFD33E5C24BDC59F007B7DB5 /* Resources */,
				CEC672AFA98FB8926783B9AA /* [CP] Embed Pods Frameworks */,
			);
			buildRules = (
			);
			dependencies = (
				CFD33E6024BDC59F007B7DB5 /* PBXTargetDependency */,
			);
			name = tipUITests;
			productName = tipUITests;
			productReference = CFD33E5E24BDC59F007B7DB5 /* tipUITests.xctest */;
			productType = "com.apple.product-type.bundle.ui-testing";
		};
/* End PBXNativeTarget section */

/* Begin PBXProject section */
		CFD33E3524BDC59D007B7DB5 /* Project object */ = {
			isa = PBXProject;
			attributes = {
				LastSwiftUpdateCheck = 1150;
				LastUpgradeCheck = 1150;
				ORGANIZATIONNAME = codePath;
				TargetAttributes = {
					CFD33E3C24BDC59D007B7DB5 = {
						CreatedOnToolsVersion = 11.5;
					};
					CFD33E5224BDC59F007B7DB5 = {
						CreatedOnToolsVersion = 11.5;
						TestTargetID = CFD33E3C24BDC59D007B7DB5;
					};
					CFD33E5D24BDC59F007B7DB5 = {
						CreatedOnToolsVersion = 11.5;
						TestTargetID = CFD33E3C24BDC59D007B7DB5;
					};
				};
			};
			buildConfigurationList = CFD33E3824BDC59D007B7DB5 /* Build configuration list for PBXProject "tip" */;
			compatibilityVersion = "Xcode 9.3";
			developmentRegion = en;
			hasScannedForEncodings = 0;
			knownRegions = (
				en,
				Base,
			);
			mainGroup = CFD33E3424BDC59D007B7DB5;
			productRefGroup = CFD33E3E24BDC59D007B7DB5 /* Products */;
			projectDirPath = "";
			projectRoot = "";
			targets = (
				CFD33E3C24BDC59D007B7DB5 /* tip */,
				CFD33E5224BDC59F007B7DB5 /* tipTests */,
				CFD33E5D24BDC59F007B7DB5 /* tipUITests */,
			);
		};
/* End PBXProject section */

/* Begin PBXResourcesBuildPhase section */
		CFD33E3B24BDC59D007B7DB5 /* Resources */ = {
			isa = PBXResourcesBuildPhase;
			buildActionMask = 2147483647;
			files = (
				CFD33E4D24BDC59E007B7DB5 /* LaunchScreen.storyboard in Resources */,
				CFD33E4A24BDC59E007B7DB5 /* Assets.xcassets in Resources */,
				CF6D016624FC1E5400CE8A6F /* money.json in Resources */,
				CFD33E4824BDC59D007B7DB5 /* Main.storyboard in Resources */,
			);
			runOnlyForDeploymentPostprocessing = 0;
		};
		CFD33E5124BDC59F007B7DB5 /* Resources */ = {
			isa = PBXResourcesBuildPhase;
			buildActionMask = 2147483647;
			files = (
			);
			runOnlyForDeploymentPostprocessing = 0;
		};
		CFD33E5C24BDC59F007B7DB5 /* Resources */ = {
			isa = PBXResourcesBuildPhase;
			buildActionMask = 2147483647;
			files = (
			);
			runOnlyForDeploymentPostprocessing = 0;
		};
/* End PBXResourcesBuildPhase section */

/* Begin PBXShellScriptBuildPhase section */
		4AC1834BAF17239B9716D618 /* [CP] Check Pods Manifest.lock */ = {
			isa = PBXShellScriptBuildPhase;
			buildActionMask = 2147483647;
			files = (
			);
			inputFileListPaths = (
			);
			inputPaths = (
				"${PODS_PODFILE_DIR_PATH}/Podfile.lock",
				"${PODS_ROOT}/Manifest.lock",
			);
			name = "[CP] Check Pods Manifest.lock";
			outputFileListPaths = (
			);
			outputPaths = (
				"$(DERIVED_FILE_DIR)/Pods-tip-checkManifestLockResult.txt",
			);
			runOnlyForDeploymentPostprocessing = 0;
			shellPath = /bin/sh;
			shellScript = "diff \"${PODS_PODFILE_DIR_PATH}/Podfile.lock\" \"${PODS_ROOT}/Manifest.lock\" > /dev/null\nif [ $? != 0 ] ; then\n    # print error to STDERR\n    echo \"error: The sandbox is not in sync with the Podfile.lock. Run 'pod install' or update your CocoaPods installation.\" >&2\n    exit 1\nfi\n# This output is used by Xcode 'outputs' to avoid re-running this script phase.\necho \"SUCCESS\" > \"${SCRIPT_OUTPUT_FILE_0}\"\n";
			showEnvVarsInLog = 0;
		};
		4CDDAEA2EEB443D72152F46F /* [CP] Check Pods Manifest.lock */ = {
			isa = PBXShellScriptBuildPhase;
			buildActionMask = 2147483647;
			files = (
			);
			inputFileListPaths = (
			);
			inputPaths = (
				"${PODS_PODFILE_DIR_PATH}/Podfile.lock",
				"${PODS_ROOT}/Manifest.lock",
			);
			name = "[CP] Check Pods Manifest.lock";
			outputFileListPaths = (
			);
			outputPaths = (
				"$(DERIVED_FILE_DIR)/Pods-tip-tipUITests-checkManifestLockResult.txt",
			);
			runOnlyForDeploymentPostprocessing = 0;
			shellPath = /bin/sh;
			shellScript = "diff \"${PODS_PODFILE_DIR_PATH}/Podfile.lock\" \"${PODS_ROOT}/Manifest.lock\" > /dev/null\nif [ $? != 0 ] ; then\n    # print error to STDERR\n    echo \"error: The sandbox is not in sync with the Podfile.lock. Run 'pod install' or update your CocoaPods installation.\" >&2\n    exit 1\nfi\n# This output is used by Xcode 'outputs' to avoid re-running this script phase.\necho \"SUCCESS\" > \"${SCRIPT_OUTPUT_FILE_0}\"\n";
			showEnvVarsInLog = 0;
		};
		9C283DAFE9E2552A05E60491 /* [CP] Check Pods Manifest.lock */ = {
			isa = PBXShellScriptBuildPhase;
			buildActionMask = 2147483647;
			files = (
			);
			inputFileListPaths = (
			);
			inputPaths = (
				"${PODS_PODFILE_DIR_PATH}/Podfile.lock",
				"${PODS_ROOT}/Manifest.lock",
			);
			name = "[CP] Check Pods Manifest.lock";
			outputFileListPaths = (
			);
			outputPaths = (
				"$(DERIVED_FILE_DIR)/Pods-tipTests-checkManifestLockResult.txt",
			);
			runOnlyForDeploymentPostprocessing = 0;
			shellPath = /bin/sh;
			shellScript = "diff \"${PODS_PODFILE_DIR_PATH}/Podfile.lock\" \"${PODS_ROOT}/Manifest.lock\" > /dev/null\nif [ $? != 0 ] ; then\n    # print error to STDERR\n    echo \"error: The sandbox is not in sync with the Podfile.lock. Run 'pod install' or update your CocoaPods installation.\" >&2\n    exit 1\nfi\n# This output is used by Xcode 'outputs' to avoid re-running this script phase.\necho \"SUCCESS\" > \"${SCRIPT_OUTPUT_FILE_0}\"\n";
			showEnvVarsInLog = 0;
		};
		CEC672AFA98FB8926783B9AA /* [CP] Embed Pods Frameworks */ = {
			isa = PBXShellScriptBuildPhase;
			buildActionMask = 2147483647;
			files = (
			);
			inputFileListPaths = (
				"${PODS_ROOT}/Target Support Files/Pods-tip-tipUITests/Pods-tip-tipUITests-frameworks-${CONFIGURATION}-input-files.xcfilelist",
			);
			name = "[CP] Embed Pods Frameworks";
			outputFileListPaths = (
				"${PODS_ROOT}/Target Support Files/Pods-tip-tipUITests/Pods-tip-tipUITests-frameworks-${CONFIGURATION}-output-files.xcfilelist",
			);
			runOnlyForDeploymentPostprocessing = 0;
			shellPath = /bin/sh;
			shellScript = "\"${PODS_ROOT}/Target Support Files/Pods-tip-tipUITests/Pods-tip-tipUITests-frameworks.sh\"\n";
			showEnvVarsInLog = 0;
		};
		EF4381A2AE80B32A871B0923 /* [CP] Embed Pods Frameworks */ = {
			isa = PBXShellScriptBuildPhase;
			buildActionMask = 2147483647;
			files = (
			);
			inputFileListPaths = (
				"${PODS_ROOT}/Target Support Files/Pods-tip/Pods-tip-frameworks-${CONFIGURATION}-input-files.xcfilelist",
			);
			name = "[CP] Embed Pods Frameworks";
			outputFileListPaths = (
				"${PODS_ROOT}/Target Support Files/Pods-tip/Pods-tip-frameworks-${CONFIGURATION}-output-files.xcfilelist",
			);
			runOnlyForDeploymentPostprocessing = 0;
			shellPath = /bin/sh;
			shellScript = "\"${PODS_ROOT}/Target Support Files/Pods-tip/Pods-tip-frameworks.sh\"\n";
			showEnvVarsInLog = 0;
		};
/* End PBXShellScriptBuildPhase section */

/* Begin PBXSourcesBuildPhase section */
		CFD33E3924BDC59D007B7DB5 /* Sources */ = {
			isa = PBXSourcesBuildPhase;
			buildActionMask = 2147483647;
			files = (
				CFD33E4524BDC59D007B7DB5 /* ViewController.swift in Sources */,
				CFD33E4124BDC59D007B7DB5 /* AppDelegate.swift in Sources */,
				CFD33E4324BDC59D007B7DB5 /* SceneDelegate.swift in Sources */,
				CF69E02624FBDFA900C33DD9 /* SettingsViewController.swift in Sources */,
			);
			runOnlyForDeploymentPostprocessing = 0;
		};
		CFD33E4F24BDC59F007B7DB5 /* Sources */ = {
			isa = PBXSourcesBuildPhase;
			buildActionMask = 2147483647;
			files = (
				CFD33E5824BDC59F007B7DB5 /* tipTests.swift in Sources */,
			);
			runOnlyForDeploymentPostprocessing = 0;
		};
		CFD33E5A24BDC59F007B7DB5 /* Sources */ = {
			isa = PBXSourcesBuildPhase;
			buildActionMask = 2147483647;
			files = (
				CFD33E6324BDC59F007B7DB5 /* tipUITests.swift in Sources */,
			);
			runOnlyForDeploymentPostprocessing = 0;
		};
/* End PBXSourcesBuildPhase section */

/* Begin PBXTargetDependency section */
		CFD33E5524BDC59F007B7DB5 /* PBXTargetDependency */ = {
			isa = PBXTargetDependency;
			target = CFD33E3C24BDC59D007B7DB5 /* tip */;
			targetProxy = CFD33E5424BDC59F007B7DB5 /* PBXContainerItemProxy */;
		};
		CFD33E6024BDC59F007B7DB5 /* PBXTargetDependency */ = {
			isa = PBXTargetDependency;
			target = CFD33E3C24BDC59D007B7DB5 /* tip */;
			targetProxy = CFD33E5F24BDC59F007B7DB5 /* PBXContainerItemProxy */;
		};
/* End PBXTargetDependency section */

/* Begin PBXVariantGroup section */
		CFD33E4624BDC59D007B7DB5 /* Main.storyboard */ = {
			isa = PBXVariantGroup;
			children = (
				CFD33E4724BDC59D007B7DB5 /* Base */,
			);
			name = Main.storyboard;
			sourceTree = "<group>";
		};
		CFD33E4B24BDC59E007B7DB5 /* LaunchScreen.storyboard */ = {
			isa = PBXVariantGroup;
			children = (
				CFD33E4C24BDC59E007B7DB5 /* Base */,
			);
			name = LaunchScreen.storyboard;
			sourceTree = "<group>";
		};
/* End PBXVariantGroup section */

/* Begin XCBuildConfiguration section */
		CFD33E6524BDC59F007B7DB5 /* Debug */ = {
			isa = XCBuildConfiguration;
			buildSettings = {
				ALWAYS_SEARCH_USER_PATHS = NO;
				CLANG_ANALYZER_NONNULL = YES;
				CLANG_ANALYZER_NUMBER_OBJECT_CONVERSION = YES_AGGRESSIVE;
				CLANG_CXX_LANGUAGE_STANDARD = "gnu++14";
				CLANG_CXX_LIBRARY = "libc++";
				CLANG_ENABLE_MODULES = YES;
				CLANG_ENABLE_OBJC_ARC = YES;
				CLANG_ENABLE_OBJC_WEAK = YES;
				CLANG_WARN_BLOCK_CAPTURE_AUTORELEASING = YES;
				CLANG_WARN_BOOL_CONVERSION = YES;
				CLANG_WARN_COMMA = YES;
				CLANG_WARN_CONSTANT_CONVERSION = YES;
				CLANG_WARN_DEPRECATED_OBJC_IMPLEMENTATIONS = YES;
				CLANG_WARN_DIRECT_OBJC_ISA_USAGE = YES_ERROR;
				CLANG_WARN_DOCUMENTATION_COMMENTS = YES;
				CLANG_WARN_EMPTY_BODY = YES;
				CLANG_WARN_ENUM_CONVERSION = YES;
				CLANG_WARN_INFINITE_RECURSION = YES;
				CLANG_WARN_INT_CONVERSION = YES;
				CLANG_WARN_NON_LITERAL_NULL_CONVERSION = YES;
				CLANG_WARN_OBJC_IMPLICIT_RETAIN_SELF = YES;
				CLANG_WARN_OBJC_LITERAL_CONVERSION = YES;
				CLANG_WARN_OBJC_ROOT_CLASS = YES_ERROR;
				CLANG_WARN_RANGE_LOOP_ANALYSIS = YES;
				CLANG_WARN_STRICT_PROTOTYPES = YES;
				CLANG_WARN_SUSPICIOUS_MOVE = YES;
				CLANG_WARN_UNGUARDED_AVAILABILITY = YES_AGGRESSIVE;
				CLANG_WARN_UNREACHABLE_CODE = YES;
				CLANG_WARN__DUPLICATE_METHOD_MATCH = YES;
				COPY_PHASE_STRIP = NO;
				DEBUG_INFORMATION_FORMAT = dwarf;
				ENABLE_STRICT_OBJC_MSGSEND = YES;
				ENABLE_TESTABILITY = YES;
				GCC_C_LANGUAGE_STANDARD = gnu11;
				GCC_DYNAMIC_NO_PIC = NO;
				GCC_NO_COMMON_BLOCKS = YES;
				GCC_OPTIMIZATION_LEVEL = 0;
				GCC_PREPROCESSOR_DEFINITIONS = (
					"DEBUG=1",
					"$(inherited)",
				);
				GCC_WARN_64_TO_32_BIT_CONVERSION = YES;
				GCC_WARN_ABOUT_RETURN_TYPE = YES_ERROR;
				GCC_WARN_UNDECLARED_SELECTOR = YES;
				GCC_WARN_UNINITIALIZED_AUTOS = YES_AGGRESSIVE;
				GCC_WARN_UNUSED_FUNCTION = YES;
				GCC_WARN_UNUSED_VARIABLE = YES;
				IPHONEOS_DEPLOYMENT_TARGET = 13.5;
				MTL_ENABLE_DEBUG_INFO = INCLUDE_SOURCE;
				MTL_FAST_MATH = YES;
				ONLY_ACTIVE_ARCH = YES;
				SDKROOT = iphoneos;
				SWIFT_ACTIVE_COMPILATION_CONDITIONS = DEBUG;
				SWIFT_OPTIMIZATION_LEVEL = "-Onone";
			};
			name = Debug;
		};
		CFD33E6624BDC59F007B7DB5 /* Release */ = {
			isa = XCBuildConfiguration;
			buildSettings = {
				ALWAYS_SEARCH_USER_PATHS = NO;
				CLANG_ANALYZER_NONNULL = YES;
				CLANG_ANALYZER_NUMBER_OBJECT_CONVERSION = YES_AGGRESSIVE;
				CLANG_CXX_LANGUAGE_STANDARD = "gnu++14";
				CLANG_CXX_LIBRARY = "libc++";
				CLANG_ENABLE_MODULES = YES;
				CLANG_ENABLE_OBJC_ARC = YES;
				CLANG_ENABLE_OBJC_WEAK = YES;
				CLANG_WARN_BLOCK_CAPTURE_AUTORELEASING = YES;
				CLANG_WARN_BOOL_CONVERSION = YES;
				CLANG_WARN_COMMA = YES;
				CLANG_WARN_CONSTANT_CONVERSION = YES;
				CLANG_WARN_DEPRECATED_OBJC_IMPLEMENTATIONS = YES;
				CLANG_WARN_DIRECT_OBJC_ISA_USAGE = YES_ERROR;
				CLANG_WARN_DOCUMENTATION_COMMENTS = YES;
				CLANG_WARN_EMPTY_BODY = YES;
				CLANG_WARN_ENUM_CONVERSION = YES;
				CLANG_WARN_INFINITE_RECURSION = YES;
				CLANG_WARN_INT_CONVERSION = YES;
				CLANG_WARN_NON_LITERAL_NULL_CONVERSION = YES;
				CLANG_WARN_OBJC_IMPLICIT_RETAIN_SELF = YES;
				CLANG_WARN_OBJC_LITERAL_CONVERSION = YES;
				CLANG_WARN_OBJC_ROOT_CLASS = YES_ERROR;
				CLANG_WARN_RANGE_LOOP_ANALYSIS = YES;
				CLANG_WARN_STRICT_PROTOTYPES = YES;
				CLANG_WARN_SUSPICIOUS_MOVE = YES;
				CLANG_WARN_UNGUARDED_AVAILABILITY = YES_AGGRESSIVE;
				CLANG_WARN_UNREACHABLE_CODE = YES;
				CLANG_WARN__DUPLICATE_METHOD_MATCH = YES;
				COPY_PHASE_STRIP = NO;
				DEBUG_INFORMATION_FORMAT = "dwarf-with-dsym";
				ENABLE_NS_ASSERTIONS = NO;
				ENABLE_STRICT_OBJC_MSGSEND = YES;
				GCC_C_LANGUAGE_STANDARD = gnu11;
				GCC_NO_COMMON_BLOCKS = YES;
				GCC_WARN_64_TO_32_BIT_CONVERSION = YES;
				GCC_WARN_ABOUT_RETURN_TYPE = YES_ERROR;
				GCC_WARN_UNDECLARED_SELECTOR = YES;
				GCC_WARN_UNINITIALIZED_AUTOS = YES_AGGRESSIVE;
				GCC_WARN_UNUSED_FUNCTION = YES;
				GCC_WARN_UNUSED_VARIABLE = YES;
				IPHONEOS_DEPLOYMENT_TARGET = 13.5;
				MTL_ENABLE_DEBUG_INFO = NO;
				MTL_FAST_MATH = YES;
				SDKROOT = iphoneos;
				SWIFT_COMPILATION_MODE = wholemodule;
				SWIFT_OPTIMIZATION_LEVEL = "-O";
				VALIDATE_PRODUCT = YES;
			};
			name = Release;
		};
		CFD33E6824BDC59F007B7DB5 /* Debug */ = {
			isa = XCBuildConfiguration;
			baseConfigurationReference = 35C5539CE10AE890DCC9B666 /* Pods-tip.debug.xcconfig */;
			buildSettings = {
				ASSETCATALOG_COMPILER_APPICON_NAME = AppIcon;
				CODE_SIGN_STYLE = Automatic;
				INFOPLIST_FILE = tip/Info.plist;
				LD_RUNPATH_SEARCH_PATHS = (
					"$(inherited)",
					"@executable_path/Frameworks",
				);
				PRODUCT_BUNDLE_IDENTIFIER = codePath.tip;
				PRODUCT_NAME = "$(TARGET_NAME)";
				SWIFT_VERSION = 5.0;
				TARGETED_DEVICE_FAMILY = "1,2";
			};
			name = Debug;
		};
		CFD33E6924BDC59F007B7DB5 /* Release */ = {
			isa = XCBuildConfiguration;
			baseConfigurationReference = EFCABE0B011325B260A32B08 /* Pods-tip.release.xcconfig */;
			buildSettings = {
				ASSETCATALOG_COMPILER_APPICON_NAME = AppIcon;
				CODE_SIGN_STYLE = Automatic;
				INFOPLIST_FILE = tip/Info.plist;
				LD_RUNPATH_SEARCH_PATHS = (
					"$(inherited)",
					"@executable_path/Frameworks",
				);
				PRODUCT_BUNDLE_IDENTIFIER = codePath.tip;
				PRODUCT_NAME = "$(TARGET_NAME)";
				SWIFT_VERSION = 5.0;
				TARGETED_DEVICE_FAMILY = "1,2";
			};
			name = Release;
		};
		CFD33E6B24BDC59F007B7DB5 /* Debug */ = {
			isa = XCBuildConfiguration;
			baseConfigurationReference = 0709D2CFE08C15AD48A3F35D /* Pods-tipTests.debug.xcconfig */;
			buildSettings = {
				ALWAYS_EMBED_SWIFT_STANDARD_LIBRARIES = YES;
				BUNDLE_LOADER = "$(TEST_HOST)";
				CODE_SIGN_STYLE = Automatic;
				INFOPLIST_FILE = tipTests/Info.plist;
				IPHONEOS_DEPLOYMENT_TARGET = 13.5;
				LD_RUNPATH_SEARCH_PATHS = (
					"$(inherited)",
					"@executable_path/Frameworks",
					"@loader_path/Frameworks",
				);
				PRODUCT_BUNDLE_IDENTIFIER = codePath.tipTests;
				PRODUCT_NAME = "$(TARGET_NAME)";
				SWIFT_VERSION = 5.0;
				TARGETED_DEVICE_FAMILY = "1,2";
				TEST_HOST = "$(BUILT_PRODUCTS_DIR)/tip.app/tip";
			};
			name = Debug;
		};
		CFD33E6C24BDC59F007B7DB5 /* Release */ = {
			isa = XCBuildConfiguration;
			baseConfigurationReference = B2F4035413E70FBC2535BA2B /* Pods-tipTests.release.xcconfig */;
			buildSettings = {
				ALWAYS_EMBED_SWIFT_STANDARD_LIBRARIES = YES;
				BUNDLE_LOADER = "$(TEST_HOST)";
				CODE_SIGN_STYLE = Automatic;
				INFOPLIST_FILE = tipTests/Info.plist;
				IPHONEOS_DEPLOYMENT_TARGET = 13.5;
				LD_RUNPATH_SEARCH_PATHS = (
					"$(inherited)",
					"@executable_path/Frameworks",
					"@loader_path/Frameworks",
				);
				PRODUCT_BUNDLE_IDENTIFIER = codePath.tipTests;
				PRODUCT_NAME = "$(TARGET_NAME)";
				SWIFT_VERSION = 5.0;
				TARGETED_DEVICE_FAMILY = "1,2";
				TEST_HOST = "$(BUILT_PRODUCTS_DIR)/tip.app/tip";
			};
			name = Release;
		};
		CFD33E6E24BDC59F007B7DB5 /* Debug */ = {
			isa = XCBuildConfiguration;
			baseConfigurationReference = D74BD2A6ED8174210A800BD9 /* Pods-tip-tipUITests.debug.xcconfig */;
			buildSettings = {
				ALWAYS_EMBED_SWIFT_STANDARD_LIBRARIES = YES;
				CODE_SIGN_STYLE = Automatic;
				INFOPLIST_FILE = tipUITests/Info.plist;
				LD_RUNPATH_SEARCH_PATHS = (
					"$(inherited)",
					"@executable_path/Frameworks",
					"@loader_path/Frameworks",
				);
				PRODUCT_BUNDLE_IDENTIFIER = codePath.tipUITests;
				PRODUCT_NAME = "$(TARGET_NAME)";
				SWIFT_VERSION = 5.0;
				TARGETED_DEVICE_FAMILY = "1,2";
				TEST_TARGET_NAME = tip;
			};
			name = Debug;
		};
		CFD33E6F24BDC59F007B7DB5 /* Release */ = {
			isa = XCBuildConfiguration;
			baseConfigurationReference = 88774B638B68256340CE9573 /* Pods-tip-tipUITests.release.xcconfig */;
			buildSettings = {
				ALWAYS_EMBED_SWIFT_STANDARD_LIBRARIES = YES;
				CODE_SIGN_STYLE = Automatic;
				INFOPLIST_FILE = tipUITests/Info.plist;
				LD_RUNPATH_SEARCH_PATHS = (
					"$(inherited)",
					"@executable_path/Frameworks",
					"@loader_path/Frameworks",
				);
				PRODUCT_BUNDLE_IDENTIFIER = codePath.tipUITests;
				PRODUCT_NAME = "$(TARGET_NAME)";
				SWIFT_VERSION = 5.0;
				TARGETED_DEVICE_FAMILY = "1,2";
				TEST_TARGET_NAME = tip;
			};
			name = Release;
		};
/* End XCBuildConfiguration section */

/* Begin XCConfigurationList section */
		CFD33E3824BDC59D007B7DB5 /* Build configuration list for PBXProject "tip" */ = {
			isa = XCConfigurationList;
			buildConfigurations = (
				CFD33E6524BDC59F007B7DB5 /* Debug */,
				CFD33E6624BDC59F007B7DB5 /* Release */,
			);
			defaultConfigurationIsVisible = 0;
			defaultConfigurationName = Release;
		};
		CFD33E6724BDC59F007B7DB5 /* Build configuration list for PBXNativeTarget "tip" */ = {
			isa = XCConfigurationList;
			buildConfigurations = (
				CFD33E6824BDC59F007B7DB5 /* Debug */,
				CFD33E6924BDC59F007B7DB5 /* Release */,
			);
			defaultConfigurationIsVisible = 0;
			defaultConfigurationName = Release;
		};
		CFD33E6A24BDC59F007B7DB5 /* Build configuration list for PBXNativeTarget "tipTests" */ = {
			isa = XCConfigurationList;
			buildConfigurations = (
				CFD33E6B24BDC59F007B7DB5 /* Debug */,
				CFD33E6C24BDC59F007B7DB5 /* Release */,
			);
			defaultConfigurationIsVisible = 0;
			defaultConfigurationName = Release;
		};
		CFD33E6D24BDC59F007B7DB5 /* Build configuration list for PBXNativeTarget "tipUITests" */ = {
			isa = XCConfigurationList;
			buildConfigurations = (
				CFD33E6E24BDC59F007B7DB5 /* Debug */,
				CFD33E6F24BDC59F007B7DB5 /* Release */,
			);
			defaultConfigurationIsVisible = 0;
			defaultConfigurationName = Release;
		};
/* End XCConfigurationList section */
	};
	rootObject = CFD33E3524BDC59D007B7DB5 /* Project object */;
}
